// !$*UTF8*$!
{
	archiveVersion = 1;
	classes = {
	};
	objectVersion = 70;
	objects = {

/* Begin PBXBuildFile section */
		B43A83812CC9C42800CC6367 /* Appwrite in Frameworks */ = {isa = PBXBuildFile; productRef = B43A83802CC9C42800CC6367 /* Appwrite */; };
		B49D5A032C962ABF00E036EB /* MemoryDiaryApp.swift in Sources */ = {isa = PBXBuildFile; fileRef = B49D5A022C962ABF00E036EB /* MemoryDiaryApp.swift */; };
		B49D5A052C962ABF00E036EB /* ContentView.swift in Sources */ = {isa = PBXBuildFile; fileRef = B49D5A042C962ABF00E036EB /* ContentView.swift */; };
		B49D5A072C962AC000E036EB /* Assets.xcassets in Resources */ = {isa = PBXBuildFile; fileRef = B49D5A062C962AC000E036EB /* Assets.xcassets */; };
		B49D5A0A2C962AC000E036EB /* Preview Assets.xcassets in Resources */ = {isa = PBXBuildFile; fileRef = B49D5A092C962AC000E036EB /* Preview Assets.xcassets */; };
		B49D5A152C962B3300E036EB /* MainTab.swift in Sources */ = {isa = PBXBuildFile; fileRef = B49D5A142C962B3300E036EB /* MainTab.swift */; };
		B49D5A1A2C962B6B00E036EB /* AppwriteClient.swift in Sources */ = {isa = PBXBuildFile; fileRef = B49D5A192C962B6B00E036EB /* AppwriteClient.swift */; };
		B49D5A1C2C962B8E00E036EB /* User.swift in Sources */ = {isa = PBXBuildFile; fileRef = B49D5A1B2C962B8E00E036EB /* User.swift */; };
		B49D5A1E2C962BAE00E036EB /* Memory.swift in Sources */ = {isa = PBXBuildFile; fileRef = B49D5A1D2C962BAE00E036EB /* Memory.swift */; };
		B49D5A222C962BFF00E036EB /* AuthViewModel.swift in Sources */ = {isa = PBXBuildFile; fileRef = B49D5A212C962BFF00E036EB /* AuthViewModel.swift */; };
		B49D5A252C962C2300E036EB /* AuthenticatedView.swift in Sources */ = {isa = PBXBuildFile; fileRef = B49D5A242C962C2300E036EB /* AuthenticatedView.swift */; };
		B49D5A272C962C3900E036EB /* AuthenticationView.swift in Sources */ = {isa = PBXBuildFile; fileRef = B49D5A262C962C3900E036EB /* AuthenticationView.swift */; };
		B49D5A292C962C4F00E036EB /* SignInView.swift in Sources */ = {isa = PBXBuildFile; fileRef = B49D5A282C962C4F00E036EB /* SignInView.swift */; };
		B49D5A2B2C962C6300E036EB /* SignUpView.swift in Sources */ = {isa = PBXBuildFile; fileRef = B49D5A2A2C962C6300E036EB /* SignUpView.swift */; };
/* End PBXBuildFile section */

/* Begin PBXFileReference section */
		B49D59FF2C962ABF00E036EB /* MemoryDiary.app */ = {isa = PBXFileReference; explicitFileType = wrapper.application; includeInIndex = 0; path = MemoryDiary.app; sourceTree = BUILT_PRODUCTS_DIR; };
		B49D5A022C962ABF00E036EB /* MemoryDiaryApp.swift */ = {isa = PBXFileReference; lastKnownFileType = sourcecode.swift; path = MemoryDiaryApp.swift; sourceTree = "<group>"; };
		B49D5A042C962ABF00E036EB /* ContentView.swift */ = {isa = PBXFileReference; lastKnownFileType = sourcecode.swift; path = ContentView.swift; sourceTree = "<group>"; };
		B49D5A062C962AC000E036EB /* Assets.xcassets */ = {isa = PBXFileReference; lastKnownFileType = folder.assetcatalog; path = Assets.xcassets; sourceTree = "<group>"; };
		B49D5A092C962AC000E036EB /* Preview Assets.xcassets */ = {isa = PBXFileReference; lastKnownFileType = folder.assetcatalog; path = "Preview Assets.xcassets"; sourceTree = "<group>"; };
		B49D5A142C962B3300E036EB /* MainTab.swift */ = {isa = PBXFileReference; lastKnownFileType = sourcecode.swift; path = MainTab.swift; sourceTree = "<group>"; };
		B49D5A192C962B6B00E036EB /* AppwriteClient.swift */ = {isa = PBXFileReference; lastKnownFileType = sourcecode.swift; path = AppwriteClient.swift; sourceTree = "<group>"; };
		B49D5A1B2C962B8E00E036EB /* User.swift */ = {isa = PBXFileReference; lastKnownFileType = sourcecode.swift; path = User.swift; sourceTree = "<group>"; };
		B49D5A1D2C962BAE00E036EB /* Memory.swift */ = {isa = PBXFileReference; lastKnownFileType = sourcecode.swift; path = Memory.swift; sourceTree = "<group>"; };
		B49D5A212C962BFF00E036EB /* AuthViewModel.swift */ = {isa = PBXFileReference; lastKnownFileType = sourcecode.swift; path = AuthViewModel.swift; sourceTree = "<group>"; };
		B49D5A242C962C2300E036EB /* AuthenticatedView.swift */ = {isa = PBXFileReference; lastKnownFileType = sourcecode.swift; path = AuthenticatedView.swift; sourceTree = "<group>"; };
		B49D5A262C962C3900E036EB /* AuthenticationView.swift */ = {isa = PBXFileReference; lastKnownFileType = sourcecode.swift; path = AuthenticationView.swift; sourceTree = "<group>"; };
		B49D5A282C962C4F00E036EB /* SignInView.swift */ = {isa = PBXFileReference; lastKnownFileType = sourcecode.swift; path = SignInView.swift; sourceTree = "<group>"; };
		B49D5A2A2C962C6300E036EB /* SignUpView.swift */ = {isa = PBXFileReference; lastKnownFileType = sourcecode.swift; path = SignUpView.swift; sourceTree = "<group>"; };
/* End PBXFileReference section */

/* Begin PBXFileSystemSynchronizedRootGroup section */
		B43A83752CC9A11E00CC6367 /* Services */ = {isa = PBXFileSystemSynchronizedRootGroup; explicitFileTypes = {}; explicitFolders = (); path = Services; sourceTree = "<group>"; };
		B43A837C2CC9BE1F00CC6367 /* Components */ = {isa = PBXFileSystemSynchronizedRootGroup; explicitFileTypes = {}; explicitFolders = (); path = Components; sourceTree = "<group>"; };
		B4AFEFAA2CCA6E1400504804 /* Create */ = {isa = PBXFileSystemSynchronizedRootGroup; explicitFileTypes = {}; explicitFolders = (); path = Create; sourceTree = "<group>"; };
/* End PBXFileSystemSynchronizedRootGroup section */

/* Begin PBXFrameworksBuildPhase section */
		B49D59FC2C962ABF00E036EB /* Frameworks */ = {
			isa = PBXFrameworksBuildPhase;
			buildActionMask = 2147483647;
			files = (
				B43A83812CC9C42800CC6367 /* Appwrite in Frameworks */,
			);
			runOnlyForDeploymentPostprocessing = 0;
		};
/* End PBXFrameworksBuildPhase section */

/* Begin PBXGroup section */
		B49D59F62C962ABF00E036EB = {
			isa = PBXGroup;
			children = (
				B49D5A012C962ABF00E036EB /* MemoryDiary */,
				B49D5A002C962ABF00E036EB /* Products */,
			);
			sourceTree = "<group>";
		};
		B49D5A002C962ABF00E036EB /* Products */ = {
			isa = PBXGroup;
			children = (
				B49D59FF2C962ABF00E036EB /* MemoryDiary.app */,
			);
			name = Products;
			sourceTree = "<group>";
		};
		B49D5A012C962ABF00E036EB /* MemoryDiary */ = {
			isa = PBXGroup;
			children = (
				B43A83752CC9A11E00CC6367 /* Services */,
				B49D5A182C962B5B00E036EB /* Appwrite */,
				B49D5A132C962B1A00E036EB /* Core */,
				B49D5A172C962B5600E036EB /* Models */,
				B49D5A062C962AC000E036EB /* Assets.xcassets */,
				B49D5A082C962AC000E036EB /* Preview Content */,
			);
			path = MemoryDiary;
			sourceTree = "<group>";
		};
		B49D5A082C962AC000E036EB /* Preview Content */ = {
			isa = PBXGroup;
			children = (
				B49D5A092C962AC000E036EB /* Preview Assets.xcassets */,
			);
			path = "Preview Content";
			sourceTree = "<group>";
		};
		B49D5A132C962B1A00E036EB /* Core */ = {
			isa = PBXGroup;
			children = (
				B4AFEFAA2CCA6E1400504804 /* Create */,
				B43A837C2CC9BE1F00CC6367 /* Components */,
				B49D5A042C962ABF00E036EB /* ContentView.swift */,
				B49D5A022C962ABF00E036EB /* MemoryDiaryApp.swift */,
				B49D5A142C962B3300E036EB /* MainTab.swift */,
				B49D5A162C962B3A00E036EB /* Authentication */,
			);
			path = Core;
			sourceTree = "<group>";
		};
		B49D5A162C962B3A00E036EB /* Authentication */ = {
			isa = PBXGroup;
			children = (
				B49D5A202C962BE900E036EB /* Views */,
				B49D5A1F2C962BE300E036EB /* ViewModels */,
			);
			path = Authentication;
			sourceTree = "<group>";
		};
		B49D5A172C962B5600E036EB /* Models */ = {
			isa = PBXGroup;
			children = (
				B49D5A1B2C962B8E00E036EB /* User.swift */,
				B49D5A1D2C962BAE00E036EB /* Memory.swift */,
			);
			path = Models;
			sourceTree = "<group>";
		};
		B49D5A182C962B5B00E036EB /* Appwrite */ = {
			isa = PBXGroup;
			children = (
				B49D5A192C962B6B00E036EB /* AppwriteClient.swift */,
			);
			path = Appwrite;
			sourceTree = "<group>";
		};
		B49D5A1F2C962BE300E036EB /* ViewModels */ = {
			isa = PBXGroup;
			children = (
				B49D5A212C962BFF00E036EB /* AuthViewModel.swift */,
			);
			path = ViewModels;
			sourceTree = "<group>";
		};
		B49D5A202C962BE900E036EB /* Views */ = {
			isa = PBXGroup;
			children = (
				B49D5A242C962C2300E036EB /* AuthenticatedView.swift */,
				B49D5A262C962C3900E036EB /* AuthenticationView.swift */,
				B49D5A282C962C4F00E036EB /* SignInView.swift */,
				B49D5A2A2C962C6300E036EB /* SignUpView.swift */,
			);
			path = Views;
			sourceTree = "<group>";
		};
/* End PBXGroup section */

/* Begin PBXNativeTarget section */
		B49D59FE2C962ABF00E036EB /* MemoryDiary */ = {
			isa = PBXNativeTarget;
			buildConfigurationList = B49D5A0D2C962AC000E036EB /* Build configuration list for PBXNativeTarget "MemoryDiary" */;
			buildPhases = (
				B49D59FB2C962ABF00E036EB /* Sources */,
				B49D59FC2C962ABF00E036EB /* Frameworks */,
				B49D59FD2C962ABF00E036EB /* Resources */,
			);
			buildRules = (
			);
			dependencies = (
			);
			fileSystemSynchronizedGroups = (
				B43A83752CC9A11E00CC6367 /* Services */,
				B43A837C2CC9BE1F00CC6367 /* Components */,
				B4AFEFAA2CCA6E1400504804 /* Create */,
			);
			name = MemoryDiary;
			packageProductDependencies = (
				B43A83802CC9C42800CC6367 /* Appwrite */,
			);
			productName = MemoryDiary;
			productReference = B49D59FF2C962ABF00E036EB /* MemoryDiary.app */;
			productType = "com.apple.product-type.application";
		};
/* End PBXNativeTarget section */

/* Begin PBXProject section */
		B49D59F72C962ABF00E036EB /* Project object */ = {
			isa = PBXProject;
			attributes = {
				BuildIndependentTargetsInParallel = 1;
				LastSwiftUpdateCheck = 1520;
				LastUpgradeCheck = 1520;
				TargetAttributes = {
					B49D59FE2C962ABF00E036EB = {
						CreatedOnToolsVersion = 15.2;
					};
				};
			};
			buildConfigurationList = B49D59FA2C962ABF00E036EB /* Build configuration list for PBXProject "MemoryDiary" */;
			compatibilityVersion = "Xcode 14.0";
			developmentRegion = en;
			hasScannedForEncodings = 0;
			knownRegions = (
				en,
				Base,
			);
			mainGroup = B49D59F62C962ABF00E036EB;
			packageReferences = (
				B43A837F2CC9C42800CC6367 /* XCRemoteSwiftPackageReference "sdk-for-apple" */,
			);
			productRefGroup = B49D5A002C962ABF00E036EB /* Products */;
			projectDirPath = "";
			projectRoot = "";
			targets = (
				B49D59FE2C962ABF00E036EB /* MemoryDiary */,
			);
		};
/* End PBXProject section */

/* Begin PBXResourcesBuildPhase section */
		B49D59FD2C962ABF00E036EB /* Resources */ = {
			isa = PBXResourcesBuildPhase;
			buildActionMask = 2147483647;
			files = (
				B49D5A0A2C962AC000E036EB /* Preview Assets.xcassets in Resources */,
				B49D5A072C962AC000E036EB /* Assets.xcassets in Resources */,
			);
			runOnlyForDeploymentPostprocessing = 0;
		};
/* End PBXResourcesBuildPhase section */

/* Begin PBXSourcesBuildPhase section */
		B49D59FB2C962ABF00E036EB /* Sources */ = {
			isa = PBXSourcesBuildPhase;
			buildActionMask = 2147483647;
			files = (
				B49D5A252C962C2300E036EB /* AuthenticatedView.swift in Sources */,
				B49D5A052C962ABF00E036EB /* ContentView.swift in Sources */,
				B49D5A1E2C962BAE00E036EB /* Memory.swift in Sources */,
				B49D5A152C962B3300E036EB /* MainTab.swift in Sources */,
				B49D5A292C962C4F00E036EB /* SignInView.swift in Sources */,
				B49D5A2B2C962C6300E036EB /* SignUpView.swift in Sources */,
				B49D5A222C962BFF00E036EB /* AuthViewModel.swift in Sources */,
				B49D5A272C962C3900E036EB /* AuthenticationView.swift in Sources */,
				B49D5A1A2C962B6B00E036EB /* AppwriteClient.swift in Sources */,
				B49D5A1C2C962B8E00E036EB /* User.swift in Sources */,
				B49D5A032C962ABF00E036EB /* MemoryDiaryApp.swift in Sources */,
			);
			runOnlyForDeploymentPostprocessing = 0;
		};
/* End PBXSourcesBuildPhase section */

/* Begin XCBuildConfiguration section */
		B49D5A0B2C962AC000E036EB /* Debug */ = {
			isa = XCBuildConfiguration;
			buildSettings = {
				ALWAYS_SEARCH_USER_PATHS = NO;
				ASSETCATALOG_COMPILER_GENERATE_SWIFT_ASSET_SYMBOL_EXTENSIONS = YES;
				CLANG_ANALYZER_NONNULL = YES;
				CLANG_ANALYZER_NUMBER_OBJECT_CONVERSION = YES_AGGRESSIVE;
				CLANG_CXX_LANGUAGE_STANDARD = "gnu++20";
				CLANG_ENABLE_MODULES = YES;
				CLANG_ENABLE_OBJC_ARC = YES;
				CLANG_ENABLE_OBJC_WEAK = YES;
				CLANG_WARN_BLOCK_CAPTURE_AUTORELEASING = YES;
				CLANG_WARN_BOOL_CONVERSION = YES;
				CLANG_WARN_COMMA = YES;
				CLANG_WARN_CONSTANT_CONVERSION = YES;
				CLANG_WARN_DEPRECATED_OBJC_IMPLEMENTATIONS = YES;
				CLANG_WARN_DIRECT_OBJC_ISA_USAGE = YES_ERROR;
				CLANG_WARN_DOCUMENTATION_COMMENTS = YES;
				CLANG_WARN_EMPTY_BODY = YES;
				CLANG_WARN_ENUM_CONVERSION = YES;
				CLANG_WARN_INFINITE_RECURSION = YES;
				CLANG_WARN_INT_CONVERSION = YES;
				CLANG_WARN_NON_LITERAL_NULL_CONVERSION = YES;
				CLANG_WARN_OBJC_IMPLICIT_RETAIN_SELF = YES;
				CLANG_WARN_OBJC_LITERAL_CONVERSION = YES;
				CLANG_WARN_OBJC_ROOT_CLASS = YES_ERROR;
				CLANG_WARN_QUOTED_INCLUDE_IN_FRAMEWORK_HEADER = YES;
				CLANG_WARN_RANGE_LOOP_ANALYSIS = YES;
				CLANG_WARN_STRICT_PROTOTYPES = YES;
				CLANG_WARN_SUSPICIOUS_MOVE = YES;
				CLANG_WARN_UNGUARDED_AVAILABILITY = YES_AGGRESSIVE;
				CLANG_WARN_UNREACHABLE_CODE = YES;
				CLANG_WARN__DUPLICATE_METHOD_MATCH = YES;
				COPY_PHASE_STRIP = NO;
				DEBUG_INFORMATION_FORMAT = dwarf;
				ENABLE_STRICT_OBJC_MSGSEND = YES;
				ENABLE_TESTABILITY = YES;
				ENABLE_USER_SCRIPT_SANDBOXING = YES;
				GCC_C_LANGUAGE_STANDARD = gnu17;
				GCC_DYNAMIC_NO_PIC = NO;
				GCC_NO_COMMON_BLOCKS = YES;
				GCC_OPTIMIZATION_LEVEL = 0;
				GCC_PREPROCESSOR_DEFINITIONS = (
					"DEBUG=1",
					"$(inherited)",
				);
				GCC_WARN_64_TO_32_BIT_CONVERSION = YES;
				GCC_WARN_ABOUT_RETURN_TYPE = YES_ERROR;
				GCC_WARN_UNDECLARED_SELECTOR = YES;
				GCC_WARN_UNINITIALIZED_AUTOS = YES_AGGRESSIVE;
				GCC_WARN_UNUSED_FUNCTION = YES;
				GCC_WARN_UNUSED_VARIABLE = YES;
				IPHONEOS_DEPLOYMENT_TARGET = 17.2;
				LOCALIZATION_PREFERS_STRING_CATALOGS = YES;
				MTL_ENABLE_DEBUG_INFO = INCLUDE_SOURCE;
				MTL_FAST_MATH = YES;
				ONLY_ACTIVE_ARCH = YES;
				SDKROOT = iphoneos;
				SWIFT_ACTIVE_COMPILATION_CONDITIONS = "DEBUG $(inherited)";
				SWIFT_OPTIMIZATION_LEVEL = "-Onone";
			};
			name = Debug;
		};
		B49D5A0C2C962AC000E036EB /* Release */ = {
			isa = XCBuildConfiguration;
			buildSettings = {
				ALWAYS_SEARCH_USER_PATHS = NO;
				ASSETCATALOG_COMPILER_GENERATE_SWIFT_ASSET_SYMBOL_EXTENSIONS = YES;
				CLANG_ANALYZER_NONNULL = YES;
				CLANG_ANALYZER_NUMBER_OBJECT_CONVERSION = YES_AGGRESSIVE;
				CLANG_CXX_LANGUAGE_STANDARD = "gnu++20";
				CLANG_ENABLE_MODULES = YES;
				CLANG_ENABLE_OBJC_ARC = YES;
				CLANG_ENABLE_OBJC_WEAK = YES;
				CLANG_WARN_BLOCK_CAPTURE_AUTORELEASING = YES;
				CLANG_WARN_BOOL_CONVERSION = YES;
				CLANG_WARN_COMMA = YES;
				CLANG_WARN_CONSTANT_CONVERSION = YES;
				CLANG_WARN_DEPRECATED_OBJC_IMPLEMENTATIONS = YES;
				CLANG_WARN_DIRECT_OBJC_ISA_USAGE = YES_ERROR;
				CLANG_WARN_DOCUMENTATION_COMMENTS = YES;
				CLANG_WARN_EMPTY_BODY = YES;
				CLANG_WARN_ENUM_CONVERSION = YES;
				CLANG_WARN_INFINITE_RECURSION = YES;
				CLANG_WARN_INT_CONVERSION = YES;
				CLANG_WARN_NON_LITERAL_NULL_CONVERSION = YES;
				CLANG_WARN_OBJC_IMPLICIT_RETAIN_SELF = YES;
				CLANG_WARN_OBJC_LITERAL_CONVERSION = YES;
				CLANG_WARN_OBJC_ROOT_CLASS = YES_ERROR;
				CLANG_WARN_QUOTED_INCLUDE_IN_FRAMEWORK_HEADER = YES;
				CLANG_WARN_RANGE_LOOP_ANALYSIS = YES;
				CLANG_WARN_STRICT_PROTOTYPES = YES;
				CLANG_WARN_SUSPICIOUS_MOVE = YES;
				CLANG_WARN_UNGUARDED_AVAILABILITY = YES_AGGRESSIVE;
				CLANG_WARN_UNREACHABLE_CODE = YES;
				CLANG_WARN__DUPLICATE_METHOD_MATCH = YES;
				COPY_PHASE_STRIP = NO;
				DEBUG_INFORMATION_FORMAT = "dwarf-with-dsym";
				ENABLE_NS_ASSERTIONS = NO;
				ENABLE_STRICT_OBJC_MSGSEND = YES;
				ENABLE_USER_SCRIPT_SANDBOXING = YES;
				GCC_C_LANGUAGE_STANDARD = gnu17;
				GCC_NO_COMMON_BLOCKS = YES;
				GCC_WARN_64_TO_32_BIT_CONVERSION = YES;
				GCC_WARN_ABOUT_RETURN_TYPE = YES_ERROR;
				GCC_WARN_UNDECLARED_SELECTOR = YES;
				GCC_WARN_UNINITIALIZED_AUTOS = YES_AGGRESSIVE;
				GCC_WARN_UNUSED_FUNCTION = YES;
				GCC_WARN_UNUSED_VARIABLE = YES;
				IPHONEOS_DEPLOYMENT_TARGET = 17.2;
				LOCALIZATION_PREFERS_STRING_CATALOGS = YES;
				MTL_ENABLE_DEBUG_INFO = NO;
				MTL_FAST_MATH = YES;
				SDKROOT = iphoneos;
				SWIFT_COMPILATION_MODE = wholemodule;
				VALIDATE_PRODUCT = YES;
			};
			name = Release;
		};
		B49D5A0E2C962AC000E036EB /* Debug */ = {
			isa = XCBuildConfiguration;
			buildSettings = {
				ASSETCATALOG_COMPILER_APPICON_NAME = AppIcon;
				ASSETCATALOG_COMPILER_GLOBAL_ACCENT_COLOR_NAME = AccentColor;
				CODE_SIGN_STYLE = Automatic;
				CURRENT_PROJECT_VERSION = 1;
				DEVELOPMENT_ASSET_PATHS = "\"MemoryDiary/Preview Content\"";
				DEVELOPMENT_TEAM = 5VZ6Q8DGLP;
				ENABLE_PREVIEWS = YES;
				GENERATE_INFOPLIST_FILE = YES;
				INFOPLIST_KEY_UIApplicationSceneManifest_Generation = YES;
				INFOPLIST_KEY_UIApplicationSupportsIndirectInputEvents = YES;
				INFOPLIST_KEY_UILaunchScreen_Generation = YES;
				INFOPLIST_KEY_UISupportedInterfaceOrientations_iPad = "UIInterfaceOrientationPortrait UIInterfaceOrientationPortraitUpsideDown UIInterfaceOrientationLandscapeLeft UIInterfaceOrientationLandscapeRight";
				INFOPLIST_KEY_UISupportedInterfaceOrientations_iPhone = "UIInterfaceOrientationPortrait UIInterfaceOrientationLandscapeLeft UIInterfaceOrientationLandscapeRight";
				LD_RUNPATH_SEARCH_PATHS = (
					"$(inherited)",
					"@executable_path/Frameworks",
				);
				MARKETING_VERSION = 1.0;
				PRODUCT_BUNDLE_IDENTIFIER = com.anceldev.MemoryDiary;
				PRODUCT_NAME = "$(TARGET_NAME)";
				SWIFT_EMIT_LOC_STRINGS = YES;
				SWIFT_VERSION = 5.0;
				TARGETED_DEVICE_FAMILY = "1,2";
			};
			name = Debug;
		};
		B49D5A0F2C962AC000E036EB /* Release */ = {
			isa = XCBuildConfiguration;
			buildSettings = {
				ASSETCATALOG_COMPILER_APPICON_NAME = AppIcon;
				ASSETCATALOG_COMPILER_GLOBAL_ACCENT_COLOR_NAME = AccentColor;
				CODE_SIGN_STYLE = Automatic;
				CURRENT_PROJECT_VERSION = 1;
				DEVELOPMENT_ASSET_PATHS = "\"MemoryDiary/Preview Content\"";
				DEVELOPMENT_TEAM = 5VZ6Q8DGLP;
				ENABLE_PREVIEWS = YES;
				GENERATE_INFOPLIST_FILE = YES;
				INFOPLIST_KEY_UIApplicationSceneManifest_Generation = YES;
				INFOPLIST_KEY_UIApplicationSupportsIndirectInputEvents = YES;
				INFOPLIST_KEY_UILaunchScreen_Generation = YES;
				INFOPLIST_KEY_UISupportedInterfaceOrientations_iPad = "UIInterfaceOrientationPortrait UIInterfaceOrientationPortraitUpsideDown UIInterfaceOrientationLandscapeLeft UIInterfaceOrientationLandscapeRight";
				INFOPLIST_KEY_UISupportedInterfaceOrientations_iPhone = "UIInterfaceOrientationPortrait UIInterfaceOrientationLandscapeLeft UIInterfaceOrientationLandscapeRight";
				LD_RUNPATH_SEARCH_PATHS = (
					"$(inherited)",
					"@executable_path/Frameworks",
				);
				MARKETING_VERSION = 1.0;
				PRODUCT_BUNDLE_IDENTIFIER = com.anceldev.MemoryDiary;
				PRODUCT_NAME = "$(TARGET_NAME)";
				SWIFT_EMIT_LOC_STRINGS = YES;
				SWIFT_VERSION = 5.0;
				TARGETED_DEVICE_FAMILY = "1,2";
			};
			name = Release;
		};
/* End XCBuildConfiguration section */

/* Begin XCConfigurationList section */
		B49D59FA2C962ABF00E036EB /* Build configuration list for PBXProject "MemoryDiary" */ = {
			isa = XCConfigurationList;
			buildConfigurations = (
				B49D5A0B2C962AC000E036EB /* Debug */,
				B49D5A0C2C962AC000E036EB /* Release */,
			);
			defaultConfigurationIsVisible = 0;
			defaultConfigurationName = Release;
		};
		B49D5A0D2C962AC000E036EB /* Build configuration list for PBXNativeTarget "MemoryDiary" */ = {
			isa = XCConfigurationList;
			buildConfigurations = (
				B49D5A0E2C962AC000E036EB /* Debug */,
				B49D5A0F2C962AC000E036EB /* Release */,
			);
			defaultConfigurationIsVisible = 0;
			defaultConfigurationName = Release;
		};
/* End XCConfigurationList section */

/* Begin XCRemoteSwiftPackageReference section */
		B43A837F2CC9C42800CC6367 /* XCRemoteSwiftPackageReference "sdk-for-apple" */ = {
			isa = XCRemoteSwiftPackageReference;
			repositoryURL = "https://github.com/appwrite/sdk-for-apple.git";
			requirement = {
				kind = upToNextMajorVersion;
				minimumVersion = 7.0.0;
			};
		};
/* End XCRemoteSwiftPackageReference section */

/* Begin XCSwiftPackageProductDependency section */
		B43A83802CC9C42800CC6367 /* Appwrite */ = {
			isa = XCSwiftPackageProductDependency;
			package = B43A837F2CC9C42800CC6367 /* XCRemoteSwiftPackageReference "sdk-for-apple" */;
			productName = Appwrite;
		};
/* End XCSwiftPackageProductDependency section */
	};
	rootObject = B49D59F72C962ABF00E036EB /* Project object */;
}
